
Microsoft Visual Studio Solution File, Format Version 12.00
# Visual Studio Version 16
VisualStudioVersion = 16.0.30907.101
MinimumVisualStudioVersion = 10.0.40219.1
Project("{2150E333-8FDC-42A3-9474-1A3956D46DE8}") = "Shared", "Shared", "{1C139B44-3161-49AE-9CE3-B3A77B3FCF32}"
EndProject
Project("{9A19103F-16F7-4668-BE54-9A1E7A4F7556}") = "Game1", "Game1\Game1.csproj", "{BF4AE8DA-F7D7-4886-B4A9-D696C7DDB47F}"
EndProject
Project("{D954291E-2A0B-460D-934E-DC6B0785DB48}") = "MonoLink.Shared", "MonoLink.Shared\MonoLink.Shared.shproj", "{A0CDBD0E-3A41-42B7-9425-A838BC2C7383}"
EndProject
Project("{D954291E-2A0B-460D-934E-DC6B0785DB48}") = "MonoLink.Input.Shared", "MonoLink.Input.Shared\MonoLink.Input.Shared.shproj", "{77131E2B-991A-42AA-9D2F-C48478910DF3}"
EndProject
Project("{D954291E-2A0B-460D-934E-DC6B0785DB48}") = "MonoLink.Entities.Shared", "MonoLink.Entities.Shared\MonoLink.Entities.Shared.shproj", "{8861A382-6C61-43A9-B62D-67E0EB4AACE3}"
EndProject
Project("{2150E333-8FDC-42A3-9474-1A3956D46DE8}") = "Librarys", "Librarys", "{8FD76822-8E49-4C92-BA6F-61734837ABE0}"
EndProject
Project("{9A19103F-16F7-4668-BE54-9A1E7A4F7556}") = "MonoLink.Input", "Librarys\MonoLink.Input\MonoLink.Input.csproj", "{7E5374D2-76BD-49DA-B1CB-BCC1422CF6B7}"
EndProject
Project("{D954291E-2A0B-460D-934E-DC6B0785DB48}") = "MonoLink.Camera.Shared", "MonoLink.Camera.Shared\MonoLink.Camera.Shared.shproj", "{5AE67349-A052-4E24-B7C1-8578D3120249}"
EndProject
Project("{D954291E-2A0B-460D-934E-DC6B0785DB48}") = "MonoLink.Screens.Shared", "MonoLink.Screens.Shared\MonoLink.Screens.Shared.shproj", "{84E725E1-0BDC-44DC-85E7-2C2C0825A635}"
EndProject
Project("{9A19103F-16F7-4668-BE54-9A1E7A4F7556}") = "MonoLink", "Librarys\MonoLink\MonoLink.csproj", "{D9674F45-B3D1-4297-AB92-0595909B322B}"
EndProject
Project("{D954291E-2A0B-460D-934E-DC6B0785DB48}") = "MonoLink.Tiles.Shared", "MonoLink.Tiles.Shared\MonoLink.Tiles.Shared.shproj", "{F07A721A-B2F2-4DF3-A4D1-A21B1D48E630}"
EndProject
Project("{D954291E-2A0B-460D-934E-DC6B0785DB48}") = "MonoLink.Collisions.Shared", "MonoLink.Collisions.Shared\MonoLink.Collisions.Shared.shproj", "{A6DBE038-B8AA-44B7-8EDD-B96419FB750D}"
EndProject
Project("{FAE04EC0-301F-11D3-BF4B-00C04F79EFBC}") = "MonoLink.Library", "Librarys\MonoLink.Library\MonoLink.Library.csproj", "{3A9247DC-70B1-4938-840E-244D6FE2E5D8}"
EndProject
Global
	GlobalSection(SharedMSBuildProjectFiles) = preSolution
		MonoLink.Camera.Shared\MonoLink.Camera.Shared.projitems*{3a9247dc-70b1-4938-840e-244d6fe2e5d8}*SharedItemsImports = 5
		MonoLink.Collisions.Shared\MonoLink.Collisions.Shared.projitems*{3a9247dc-70b1-4938-840e-244d6fe2e5d8}*SharedItemsImports = 5
		MonoLink.Entities.Shared\MonoLink.Entities.Shared.projitems*{3a9247dc-70b1-4938-840e-244d6fe2e5d8}*SharedItemsImports = 5
		MonoLink.Input.Shared\MonoLink.Input.Shared.projitems*{3a9247dc-70b1-4938-840e-244d6fe2e5d8}*SharedItemsImports = 5
		MonoLink.Screens.Shared\MonoLink.Screens.Shared.projitems*{3a9247dc-70b1-4938-840e-244d6fe2e5d8}*SharedItemsImports = 5
		MonoLink.Shared\MonoLink.Shared.projitems*{3a9247dc-70b1-4938-840e-244d6fe2e5d8}*SharedItemsImports = 5
		MonoLink.Tiles.Shared\MonoLink.Tiles.Shared.projitems*{3a9247dc-70b1-4938-840e-244d6fe2e5d8}*SharedItemsImports = 5
		MonoLink.Camera.Shared\MonoLink.Camera.Shared.projitems*{5ae67349-a052-4e24-b7c1-8578d3120249}*SharedItemsImports = 13
		MonoLink.Input.Shared\MonoLink.Input.Shared.projitems*{77131e2b-991a-42aa-9d2f-c48478910df3}*SharedItemsImports = 13
		MonoLink.Input.Shared\MonoLink.Input.Shared.projitems*{7e5374d2-76bd-49da-b1cb-bcc1422cf6b7}*SharedItemsImports = 5
		MonoLink.Screens.Shared\MonoLink.Screens.Shared.projitems*{84e725e1-0bdc-44dc-85e7-2c2c0825a635}*SharedItemsImports = 13
		MonoLink.Entities.Shared\MonoLink.Entities.Shared.projitems*{8861a382-6c61-43a9-b62d-67e0eb4aace3}*SharedItemsImports = 13
		MonoLink.Shared\MonoLink.Shared.projitems*{a0cdbd0e-3a41-42b7-9425-a838bc2c7383}*SharedItemsImports = 13
		MonoLink.Collisions.Shared\MonoLink.Collisions.Shared.projitems*{a6dbe038-b8aa-44b7-8edd-b96419fb750d}*SharedItemsImports = 13
		MonoLink.Camera.Shared\MonoLink.Camera.Shared.projitems*{bf4ae8da-f7d7-4886-b4a9-d696c7ddb47f}*SharedItemsImports = 5
		MonoLink.Collisions.Shared\MonoLink.Collisions.Shared.projitems*{bf4ae8da-f7d7-4886-b4a9-d696c7ddb47f}*SharedItemsImports = 5
		MonoLink.Entities.Shared\MonoLink.Entities.Shared.projitems*{bf4ae8da-f7d7-4886-b4a9-d696c7ddb47f}*SharedItemsImports = 5
		MonoLink.Input.Shared\MonoLink.Input.Shared.projitems*{bf4ae8da-f7d7-4886-b4a9-d696c7ddb47f}*SharedItemsImports = 5
		MonoLink.Screens.Shared\MonoLink.Screens.Shared.projitems*{bf4ae8da-f7d7-4886-b4a9-d696c7ddb47f}*SharedItemsImports = 5
		MonoLink.Shared\MonoLink.Shared.projitems*{bf4ae8da-f7d7-4886-b4a9-d696c7ddb47f}*SharedItemsImports = 5
		MonoLink.Tiles.Shared\MonoLink.Tiles.Shared.projitems*{bf4ae8da-f7d7-4886-b4a9-d696c7ddb47f}*SharedItemsImports = 5
		MonoLink.Shared\MonoLink.Shared.projitems*{d9674f45-b3d1-4297-ab92-0595909b322b}*SharedItemsImports = 5
		MonoLink.Tiles.Shared\MonoLink.Tiles.Shared.projitems*{f07a721a-b2f2-4df3-a4d1-a21b1d48e630}*SharedItemsImports = 13
	EndGlobalSection
	GlobalSection(SolutionConfigurationPlatforms) = preSolution
		Debug|Any CPU = Debug|Any CPU
		Release|Any CPU = Release|Any CPU
	EndGlobalSection
	GlobalSection(ProjectConfigurationPlatforms) = postSolution
		{BF4AE8DA-F7D7-4886-B4A9-D696C7DDB47F}.Debug|Any CPU.ActiveCfg = Debug|Any CPU
		{BF4AE8DA-F7D7-4886-B4A9-D696C7DDB47F}.Debug|Any CPU.Build.0 = Debug|Any CPU
		{BF4AE8DA-F7D7-4886-B4A9-D696C7DDB47F}.Release|Any CPU.ActiveCfg = Release|Any CPU
		{BF4AE8DA-F7D7-4886-B4A9-D696C7DDB47F}.Release|Any CPU.Build.0 = Release|Any CPU
		{7E5374D2-76BD-49DA-B1CB-BCC1422CF6B7}.Debug|Any CPU.ActiveCfg = Release|Any CPU
		{7E5374D2-76BD-49DA-B1CB-BCC1422CF6B7}.Release|Any CPU.ActiveCfg = Release|Any CPU
		{7E5374D2-76BD-49DA-B1CB-BCC1422CF6B7}.Release|Any CPU.Build.0 = Release|Any CPU
		{D9674F45-B3D1-4297-AB92-0595909B322B}.Debug|Any CPU.ActiveCfg = Release|Any CPU
		{D9674F45-B3D1-4297-AB92-0595909B322B}.Release|Any CPU.ActiveCfg = Release|Any CPU
		{D9674F45-B3D1-4297-AB92-0595909B322B}.Release|Any CPU.Build.0 = Release|Any CPU
		{3A9247DC-70B1-4938-840E-244D6FE2E5D8}.Debug|Any CPU.ActiveCfg = Release|Any CPU
		{3A9247DC-70B1-4938-840E-244D6FE2E5D8}.Release|Any CPU.ActiveCfg = Release|Any CPU
		{3A9247DC-70B1-4938-840E-244D6FE2E5D8}.Release|Any CPU.Build.0 = Release|Any CPU
	EndGlobalSection
	GlobalSection(SolutionProperties) = preSolution
		HideSolutionNode = FALSE
	EndGlobalSection
	GlobalSection(NestedProjects) = preSolution
		{A0CDBD0E-3A41-42B7-9425-A838BC2C7383} = {1C139B44-3161-49AE-9CE3-B3A77B3FCF32}
		{77131E2B-991A-42AA-9D2F-C48478910DF3} = {1C139B44-3161-49AE-9CE3-B3A77B3FCF32}
		{8861A382-6C61-43A9-B62D-67E0EB4AACE3} = {1C139B44-3161-49AE-9CE3-B3A77B3FCF32}
		{7E5374D2-76BD-49DA-B1CB-BCC1422CF6B7} = {8FD76822-8E49-4C92-BA6F-61734837ABE0}
		{5AE67349-A052-4E24-B7C1-8578D3120249} = {1C139B44-3161-49AE-9CE3-B3A77B3FCF32}
		{84E725E1-0BDC-44DC-85E7-2C2C0825A635} = {1C139B44-3161-49AE-9CE3-B3A77B3FCF32}
		{D9674F45-B3D1-4297-AB92-0595909B322B} = {8FD76822-8E49-4C92-BA6F-61734837ABE0}
		{F07A721A-B2F2-4DF3-A4D1-A21B1D48E630} = {1C139B44-3161-49AE-9CE3-B3A77B3FCF32}
		{A6DBE038-B8AA-44B7-8EDD-B96419FB750D} = {1C139B44-3161-49AE-9CE3-B3A77B3FCF32}
		{3A9247DC-70B1-4938-840E-244D6FE2E5D8} = {8FD76822-8E49-4C92-BA6F-61734837ABE0}
	EndGlobalSection
	GlobalSection(ExtensibilityGlobals) = postSolution
		SolutionGuid = {0169724E-9B32-42F2-8B75-406B2758A971}
	EndGlobalSection
EndGlobal
